
Microsoft Visual Studio Solution File, Format Version 12.00
# Visual Studio 2012
Project("{FAE04EC0-301F-11D3-BF4B-00C04F79EFBC}") = "Dabbit", "Dabbit\Dabbit.csproj", "{FDB3C04A-83BC-468E-B98C-11D3D52F617B}"
EndProject
Global
	GlobalSection(SolutionConfigurationPlatforms) = preSolution
		Debug|Any CPU = Debug|Any CPU
		Debug|ARM = Debug|ARM
		Debug|Mixed Platforms = Debug|Mixed Platforms
		Debug|Win32 = Debug|Win32
		Debug|x64 = Debug|x64
		Debug|x86 = Debug|x86
		Release|Any CPU = Release|Any CPU
		Release|ARM = Release|ARM
		Release|Mixed Platforms = Release|Mixed Platforms
		Release|Win32 = Release|Win32
		Release|x64 = Release|x64
		Release|x86 = Release|x86
	EndGlobalSection
	GlobalSection(ProjectConfigurationPlatforms) = postSolution
		{FDB3C04A-83BC-468E-B98C-11D3D52F617B}.Debug|Any CPU.ActiveCfg = Debug|Any CPU
		{FDB3C04A-83BC-468E-B98C-11D3D52F617B}.Debug|Any CPU.Build.0 = Debug|Any CPU
		{FDB3C04A-83BC-468E-B98C-11D3D52F617B}.Debug|Any CPU.Deploy.0 = Debug|Any CPU
		{FDB3C04A-83BC-468E-B98C-11D3D52F617B}.Debug|ARM.ActiveCfg = Debug|ARM
		{FDB3C04A-83BC-468E-B98C-11D3D52F617B}.Debug|ARM.Build.0 = Debug|ARM
		{FDB3C04A-83BC-468E-B98C-11D3D52F617B}.Debug|ARM.Deploy.0 = Debug|ARM
		{FDB3C04A-83BC-468E-B98C-11D3D52F617B}.Debug|Mixed Platforms.ActiveCfg = Debug|x86
		{FDB3C04A-83BC-468E-B98C-11D3D52F617B}.Debug|Mixed Platforms.Build.0 = Debug|x86
		{FDB3C04A-83BC-468E-B98C-11D3D52F617B}.Debug|Mixed Platforms.Deploy.0 = Debug|x86
		{FDB3C04A-83BC-468E-B98C-11D3D52F617B}.Debug|Win32.ActiveCfg = Debug|x86
		{FDB3C04A-83BC-468E-B98C-11D3D52F617B}.Debug|Win32.Build.0 = Debug|x86
		{FDB3C04A-83BC-468E-B98C-11D3D52F617B}.Debug|Win32.Deploy.0 = Debug|x86
		{FDB3C04A-83BC-468E-B98C-11D3D52F617B}.Debug|x64.ActiveCfg = Debug|x64
		{FDB3C04A-83BC-468E-B98C-11D3D52F617B}.Debug|x64.Build.0 = Debug|x64
		{FDB3C04A-83BC-468E-B98C-11D3D52F617B}.Debug|x64.Deploy.0 = Debug|x64
		{FDB3C04A-83BC-468E-B98C-11D3D52F617B}.Debug|x86.ActiveCfg = Debug|x86
		{FDB3C04A-83BC-468E-B98C-11D3D52F617B}.Debug|x86.Build.0 = Debug|x86
		{FDB3C04A-83BC-468E-B98C-11D3D52F617B}.Debug|x86.Deploy.0 = Debug|x86
		{FDB3C04A-83BC-468E-B98C-11D3D52F617B}.Release|Any CPU.ActiveCfg = Release|Any CPU
		{FDB3C04A-83BC-468E-B98C-11D3D52F617B}.Release|Any CPU.Build.0 = Release|Any CPU
		{FDB3C04A-83BC-468E-B98C-11D3D52F617B}.Release|Any CPU.Deploy.0 = Release|Any CPU
		{FDB3C04A-83BC-468E-B98C-11D3D52F617B}.Release|ARM.ActiveCfg = Release|ARM
		{FDB3C04A-83BC-468E-B98C-11D3D52F617B}.Release|ARM.Build.0 = Release|ARM
		{FDB3C04A-83BC-468E-B98C-11D3D52F617B}.Release|ARM.Deploy.0 = Release|ARM
		{FDB3C04A-83BC-468E-B98C-11D3D52F617B}.Release|Mixed Platforms.ActiveCfg = Release|x86
		{FDB3C04A-83BC-468E-B98C-11D3D52F617B}.Release|Mixed Platforms.Build.0 = Release|x86
		{FDB3C04A-83BC-468E-B98C-11D3D52F617B}.Release|Mixed Platforms.Deploy.0 = Release|x86
		{FDB3C04A-83BC-468E-B98C-11D3D52F617B}.Release|Win32.ActiveCfg = Release|x86
		{FDB3C04A-83BC-468E-B98C-11D3D52F617B}.Release|Win32.Build.0 = Release|x86
		{FDB3C04A-83BC-468E-B98C-11D3D52F617B}.Release|Win32.Deploy.0 = Release|x86
		{FDB3C04A-83BC-468E-B98C-11D3D52F617B}.Release|x64.ActiveCfg = Release|x64
		{FDB3C04A-83BC-468E-B98C-11D3D52F617B}.Release|x64.Build.0 = Release|x64
		{FDB3C04A-83BC-468E-B98C-11D3D52F617B}.Release|x64.Deploy.0 = Release|x64
		{FDB3C04A-83BC-468E-B98C-11D3D52F617B}.Release|x86.ActiveCfg = Release|x86
		{FDB3C04A-83BC-468E-B98C-11D3D52F617B}.Release|x86.Build.0 = Release|x86
		{FDB3C04A-83BC-468E-B98C-11D3D52F617B}.Release|x86.Deploy.0 = Release|x86
	EndGlobalSection
	GlobalSection(SolutionProperties) = preSolution
		HideSolutionNode = FALSE
	EndGlobalSection
EndGlobal
